// !$*UTF8*$!
{
	archiveVersion = 1;
	classes = {
	};
	objectVersion = 55;
	objects = {

/* Begin PBXBuildFile section */
		4715354D2827FDFE00E94F16 /* SocialAlarmPod.docc in Sources */ = {isa = PBXBuildFile; fileRef = 4715354C2827FDFE00E94F16 /* SocialAlarmPod.docc */; };
		471535532827FDFE00E94F16 /* SocialAlarmPod.framework in Frameworks */ = {isa = PBXBuildFile; fileRef = 471535482827FDFE00E94F16 /* SocialAlarmPod.framework */; };
		471535582827FDFE00E94F16 /* SocialAlarmPodTests.swift in Sources */ = {isa = PBXBuildFile; fileRef = 471535572827FDFE00E94F16 /* SocialAlarmPodTests.swift */; };
		471535592827FDFE00E94F16 /* SocialAlarmPod.h in Headers */ = {isa = PBXBuildFile; fileRef = 4715354B2827FDFE00E94F16 /* SocialAlarmPod.h */; settings = {ATTRIBUTES = (Public, ); }; };
		47153563282811DD00E94F16 /* GetGreetings.swift in Sources */ = {isa = PBXBuildFile; fileRef = 47153562282811DD00E94F16 /* GetGreetings.swift */; };
		E35AC9E6A3DAF77C3484654C /* libPods-SocialAlarmPod.a in Frameworks */ = {isa = PBXBuildFile; fileRef = B545A2F4FB945607C7CC05C3 /* libPods-SocialAlarmPod.a */; };
/* End PBXBuildFile section */

/* Begin PBXContainerItemProxy section */
		471535542827FDFE00E94F16 /* PBXContainerItemProxy */ = {
			isa = PBXContainerItemProxy;
			containerPortal = 4715353F2827FDFD00E94F16 /* Project object */;
			proxyType = 1;
			remoteGlobalIDString = 471535472827FDFE00E94F16;
			remoteInfo = SocialAlarmPod;
		};
/* End PBXContainerItemProxy section */

/* Begin PBXFileReference section */
		471535482827FDFE00E94F16 /* SocialAlarmPod.framework */ = {isa = PBXFileReference; explicitFileType = wrapper.framework; includeInIndex = 0; path = SocialAlarmPod.framework; sourceTree = BUILT_PRODUCTS_DIR; };
		4715354B2827FDFE00E94F16 /* SocialAlarmPod.h */ = {isa = PBXFileReference; lastKnownFileType = sourcecode.c.h; path = SocialAlarmPod.h; sourceTree = "<group>"; };
		4715354C2827FDFE00E94F16 /* SocialAlarmPod.docc */ = {isa = PBXFileReference; lastKnownFileType = folder.documentationcatalog; path = SocialAlarmPod.docc; sourceTree = "<group>"; };
		471535522827FDFE00E94F16 /* SocialAlarmPodTests.xctest */ = {isa = PBXFileReference; explicitFileType = wrapper.cfbundle; includeInIndex = 0; path = SocialAlarmPodTests.xctest; sourceTree = BUILT_PRODUCTS_DIR; };
		471535572827FDFE00E94F16 /* SocialAlarmPodTests.swift */ = {isa = PBXFileReference; lastKnownFileType = sourcecode.swift; path = SocialAlarmPodTests.swift; sourceTree = "<group>"; };
		47153562282811DD00E94F16 /* GetGreetings.swift */ = {isa = PBXFileReference; lastKnownFileType = sourcecode.swift; path = GetGreetings.swift; sourceTree = "<group>"; };
		516B28894C29B1D3F82188EE /* Pods-SocialAlarmPod.release.xcconfig */ = {isa = PBXFileReference; includeInIndex = 1; lastKnownFileType = text.xcconfig; name = "Pods-SocialAlarmPod.release.xcconfig"; path = "Target Support Files/Pods-SocialAlarmPod/Pods-SocialAlarmPod.release.xcconfig"; sourceTree = "<group>"; };
		AB03B265F6F60F2AF5136BC3 /* Pods-SocialAlarmPod.debug.xcconfig */ = {isa = PBXFileReference; includeInIndex = 1; lastKnownFileType = text.xcconfig; name = "Pods-SocialAlarmPod.debug.xcconfig"; path = "Target Support Files/Pods-SocialAlarmPod/Pods-SocialAlarmPod.debug.xcconfig"; sourceTree = "<group>"; };
		B545A2F4FB945607C7CC05C3 /* libPods-SocialAlarmPod.a */ = {isa = PBXFileReference; explicitFileType = archive.ar; includeInIndex = 0; path = "libPods-SocialAlarmPod.a"; sourceTree = BUILT_PRODUCTS_DIR; };
/* End PBXFileReference section */

/* Begin PBXFrameworksBuildPhase section */
		471535452827FDFE00E94F16 /* Frameworks */ = {
			isa = PBXFrameworksBuildPhase;
			buildActionMask = 2147483647;
			files = (
				E35AC9E6A3DAF77C3484654C /* libPods-SocialAlarmPod.a in Frameworks */,
			);
			runOnlyForDeploymentPostprocessing = 0;
		};
		4715354F2827FDFE00E94F16 /* Frameworks */ = {
			isa = PBXFrameworksBuildPhase;
			buildActionMask = 2147483647;
			files = (
				471535532827FDFE00E94F16 /* SocialAlarmPod.framework in Frameworks */,
			);
			runOnlyForDeploymentPostprocessing = 0;
		};
/* End PBXFrameworksBuildPhase section */

/* Begin PBXGroup section */
		4715353E2827FDFD00E94F16 = {
			isa = PBXGroup;
			children = (
				4715354A2827FDFE00E94F16 /* SocialAlarmPod */,
				471535562827FDFE00E94F16 /* SocialAlarmPodTests */,
				471535492827FDFE00E94F16 /* Products */,
				7DF93DF80CC36F94EC0E9159 /* Pods */,
				A71D3D13A69AC7862DBC4B18 /* Frameworks */,
			);
			sourceTree = "<group>";
		};
		471535492827FDFE00E94F16 /* Products */ = {
			isa = PBXGroup;
			children = (
				471535482827FDFE00E94F16 /* SocialAlarmPod.framework */,
				471535522827FDFE00E94F16 /* SocialAlarmPodTests.xctest */,
			);
			name = Products;
			sourceTree = "<group>";
		};
		4715354A2827FDFE00E94F16 /* SocialAlarmPod */ = {
			isa = PBXGroup;
			children = (
				4715356428281F1D00E94F16 /* Sources */,
				4715354B2827FDFE00E94F16 /* SocialAlarmPod.h */,
				4715354C2827FDFE00E94F16 /* SocialAlarmPod.docc */,
			);
			path = SocialAlarmPod;
			sourceTree = "<group>";
		};
		471535562827FDFE00E94F16 /* SocialAlarmPodTests */ = {
			isa = PBXGroup;
			children = (
				471535572827FDFE00E94F16 /* SocialAlarmPodTests.swift */,
			);
			path = SocialAlarmPodTests;
			sourceTree = "<group>";
		};
		4715356428281F1D00E94F16 /* Sources */ = {
			isa = PBXGroup;
			children = (
				47153562282811DD00E94F16 /* GetGreetings.swift */,
			);
			path = Sources;
			sourceTree = "<group>";
		};
		7DF93DF80CC36F94EC0E9159 /* Pods */ = {
			isa = PBXGroup;
			children = (
				AB03B265F6F60F2AF5136BC3 /* Pods-SocialAlarmPod.debug.xcconfig */,
				516B28894C29B1D3F82188EE /* Pods-SocialAlarmPod.release.xcconfig */,
			);
			path = Pods;
			sourceTree = "<group>";
		};
		A71D3D13A69AC7862DBC4B18 /* Frameworks */ = {
			isa = PBXGroup;
			children = (
				B545A2F4FB945607C7CC05C3 /* libPods-SocialAlarmPod.a */,
			);
			name = Frameworks;
			sourceTree = "<group>";
		};
/* End PBXGroup section */

/* Begin PBXHeadersBuildPhase section */
		471535432827FDFE00E94F16 /* Headers */ = {
			isa = PBXHeadersBuildPhase;
			buildActionMask = 2147483647;
			files = (
				471535592827FDFE00E94F16 /* SocialAlarmPod.h in Headers */,
			);
			runOnlyForDeploymentPostprocessing = 0;
		};
/* End PBXHeadersBuildPhase section */

/* Begin PBXNativeTarget section */
		471535472827FDFE00E94F16 /* SocialAlarmPod */ = {
			isa = PBXNativeTarget;
			buildConfigurationList = 4715355C2827FDFE00E94F16 /* Build configuration list for PBXNativeTarget "SocialAlarmPod" */;
			buildPhases = (
				77267F277894DFB3E546887F /* [CP] Check Pods Manifest.lock */,
				471535432827FDFE00E94F16 /* Headers */,
				471535442827FDFE00E94F16 /* Sources */,
				471535452827FDFE00E94F16 /* Frameworks */,
				471535462827FDFE00E94F16 /* Resources */,
			);
			buildRules = (
			);
			dependencies = (
			);
			name = SocialAlarmPod;
			productName = SocialAlarmPod;
			productReference = 471535482827FDFE00E94F16 /* SocialAlarmPod.framework */;
			productType = "com.apple.product-type.framework";
		};
		471535512827FDFE00E94F16 /* SocialAlarmPodTests */ = {
			isa = PBXNativeTarget;
			buildConfigurationList = 4715355F2827FDFE00E94F16 /* Build configuration list for PBXNativeTarget "SocialAlarmPodTests" */;
			buildPhases = (
				4715354E2827FDFE00E94F16 /* Sources */,
				4715354F2827FDFE00E94F16 /* Frameworks */,
				471535502827FDFE00E94F16 /* Resources */,
			);
			buildRules = (
			);
			dependencies = (
				471535552827FDFE00E94F16 /* PBXTargetDependency */,
			);
			name = SocialAlarmPodTests;
			productName = SocialAlarmPodTests;
			productReference = 471535522827FDFE00E94F16 /* SocialAlarmPodTests.xctest */;
			productType = "com.apple.product-type.bundle.unit-test";
		};
/* End PBXNativeTarget section */

/* Begin PBXProject section */
		4715353F2827FDFD00E94F16 /* Project object */ = {
			isa = PBXProject;
			attributes = {
				BuildIndependentTargetsInParallel = 1;
				LastSwiftUpdateCheck = 1330;
				LastUpgradeCheck = 1330;
				TargetAttributes = {
					471535472827FDFE00E94F16 = {
						CreatedOnToolsVersion = 13.3;
					};
					471535512827FDFE00E94F16 = {
						CreatedOnToolsVersion = 13.3;
					};
				};
			};
			buildConfigurationList = 471535422827FDFE00E94F16 /* Build configuration list for PBXProject "SocialAlarmPod" */;
			compatibilityVersion = "Xcode 13.0";
			developmentRegion = en;
			hasScannedForEncodings = 0;
			knownRegions = (
				en,
				Base,
			);
			mainGroup = 4715353E2827FDFD00E94F16;
			productRefGroup = 471535492827FDFE00E94F16 /* Products */;
			projectDirPath = "";
			projectRoot = "";
			targets = (
				471535472827FDFE00E94F16 /* SocialAlarmPod */,
				471535512827FDFE00E94F16 /* SocialAlarmPodTests */,
			);
		};
/* End PBXProject section */

/* Begin PBXResourcesBuildPhase section */
		471535462827FDFE00E94F16 /* Resources */ = {
			isa = PBXResourcesBuildPhase;
			buildActionMask = 2147483647;
			files = (
			);
			runOnlyForDeploymentPostprocessing = 0;
		};
		471535502827FDFE00E94F16 /* Resources */ = {
			isa = PBXResourcesBuildPhase;
			buildActionMask = 2147483647;
			files = (
			);
			runOnlyForDeploymentPostprocessing = 0;
		};
/* End PBXResourcesBuildPhase section */

/* Begin PBXShellScriptBuildPhase section */
		77267F277894DFB3E546887F /* [CP] Check Pods Manifest.lock */ = {
			isa = PBXShellScriptBuildPhase;
			buildActionMask = 2147483647;
			files = (
			);
			inputFileListPaths = (
			);
			inputPaths = (
				"${PODS_PODFILE_DIR_PATH}/Podfile.lock",
				"${PODS_ROOT}/Manifest.lock",
			);
			name = "[CP] Check Pods Manifest.lock";
			outputFileListPaths = (
			);
			outputPaths = (
				"$(DERIVED_FILE_DIR)/Pods-SocialAlarmPod-checkManifestLockResult.txt",
			);
			runOnlyForDeploymentPostprocessing = 0;
			shellPath = /bin/sh;
			shellScript = "diff \"${PODS_PODFILE_DIR_PATH}/Podfile.lock\" \"${PODS_ROOT}/Manifest.lock\" > /dev/null\nif [ $? != 0 ] ; then\n    # print error to STDERR\n    echo \"error: The sandbox is not in sync with the Podfile.lock. Run 'pod install' or update your CocoaPods installation.\" >&2\n    exit 1\nfi\n# This output is used by Xcode 'outputs' to avoid re-running this script phase.\necho \"SUCCESS\" > \"${SCRIPT_OUTPUT_FILE_0}\"\n";
			showEnvVarsInLog = 0;
		};
/* End PBXShellScriptBuildPhase section */

/* Begin PBXSourcesBuildPhase section */
		471535442827FDFE00E94F16 /* Sources */ = {
			isa = PBXSourcesBuildPhase;
			buildActionMask = 2147483647;
			files = (
				4715354D2827FDFE00E94F16 /* SocialAlarmPod.docc in Sources */,
				47153563282811DD00E94F16 /* GetGreetings.swift in Sources */,
			);
			runOnlyForDeploymentPostprocessing = 0;
		};
		4715354E2827FDFE00E94F16 /* Sources */ = {
			isa = PBXSourcesBuildPhase;
			buildActionMask = 2147483647;
			files = (
				471535582827FDFE00E94F16 /* SocialAlarmPodTests.swift in Sources */,
			);
			runOnlyForDeploymentPostprocessing = 0;
		};
/* End PBXSourcesBuildPhase section */

/* Begin PBXTargetDependency section */
		471535552827FDFE00E94F16 /* PBXTargetDependency */ = {
			isa = PBXTargetDependency;
			target = 471535472827FDFE00E94F16 /* SocialAlarmPod */;
			targetProxy = 471535542827FDFE00E94F16 /* PBXContainerItemProxy */;
		};
/* End PBXTargetDependency section */

/* Begin XCBuildConfiguration section */
		4715355A2827FDFE00E94F16 /* Debug */ = {
			isa = XCBuildConfiguration;
			buildSettings = {
				ALWAYS_SEARCH_USER_PATHS = NO;
				CLANG_ANALYZER_NONNULL = YES;
				CLANG_ANALYZER_NUMBER_OBJECT_CONVERSION = YES_AGGRESSIVE;
				CLANG_CXX_LANGUAGE_STANDARD = "gnu++17";
				CLANG_ENABLE_MODULES = YES;
				CLANG_ENABLE_OBJC_ARC = YES;
				CLANG_ENABLE_OBJC_WEAK = YES;
				CLANG_WARN_BLOCK_CAPTURE_AUTORELEASING = YES;
				CLANG_WARN_BOOL_CONVERSION = YES;
				CLANG_WARN_COMMA = YES;
				CLANG_WARN_CONSTANT_CONVERSION = YES;
				CLANG_WARN_DEPRECATED_OBJC_IMPLEMENTATIONS = YES;
				CLANG_WARN_DIRECT_OBJC_ISA_USAGE = YES_ERROR;
				CLANG_WARN_DOCUMENTATION_COMMENTS = YES;
				CLANG_WARN_EMPTY_BODY = YES;
				CLANG_WARN_ENUM_CONVERSION = YES;
				CLANG_WARN_INFINITE_RECURSION = YES;
				CLANG_WARN_INT_CONVERSION = YES;
				CLANG_WARN_NON_LITERAL_NULL_CONVERSION = YES;
				CLANG_WARN_OBJC_IMPLICIT_RETAIN_SELF = YES;
				CLANG_WARN_OBJC_LITERAL_CONVERSION = YES;
				CLANG_WARN_OBJC_ROOT_CLASS = YES_ERROR;
				CLANG_WARN_QUOTED_INCLUDE_IN_FRAMEWORK_HEADER = YES;
				CLANG_WARN_RANGE_LOOP_ANALYSIS = YES;
				CLANG_WARN_STRICT_PROTOTYPES = YES;
				CLANG_WARN_SUSPICIOUS_MOVE = YES;
				CLANG_WARN_UNGUARDED_AVAILABILITY = YES_AGGRESSIVE;
				CLANG_WARN_UNREACHABLE_CODE = YES;
				CLANG_WARN__DUPLICATE_METHOD_MATCH = YES;
				COPY_PHASE_STRIP = NO;
				CURRENT_PROJECT_VERSION = 1;
				DEBUG_INFORMATION_FORMAT = dwarf;
				ENABLE_STRICT_OBJC_MSGSEND = YES;
				ENABLE_TESTABILITY = YES;
				GCC_C_LANGUAGE_STANDARD = gnu11;
				GCC_DYNAMIC_NO_PIC = NO;
				GCC_NO_COMMON_BLOCKS = YES;
				GCC_OPTIMIZATION_LEVEL = 0;
				GCC_PREPROCESSOR_DEFINITIONS = (
					"DEBUG=1",
					"$(inherited)",
				);
				GCC_WARN_64_TO_32_BIT_CONVERSION = YES;
				GCC_WARN_ABOUT_RETURN_TYPE = YES_ERROR;
				GCC_WARN_UNDECLARED_SELECTOR = YES;
				GCC_WARN_UNINITIALIZED_AUTOS = YES_AGGRESSIVE;
				GCC_WARN_UNUSED_FUNCTION = YES;
				GCC_WARN_UNUSED_VARIABLE = YES;
				IPHONEOS_DEPLOYMENT_TARGET = 15.4;
				MTL_ENABLE_DEBUG_INFO = INCLUDE_SOURCE;
				MTL_FAST_MATH = YES;
				ONLY_ACTIVE_ARCH = YES;
				SDKROOT = iphoneos;
				SWIFT_ACTIVE_COMPILATION_CONDITIONS = DEBUG;
				SWIFT_OPTIMIZATION_LEVEL = "-Onone";
				VERSIONING_SYSTEM = "apple-generic";
				VERSION_INFO_PREFIX = "";
			};
			name = Debug;
		};
		4715355B2827FDFE00E94F16 /* Release */ = {
			isa = XCBuildConfiguration;
			buildSettings = {
				ALWAYS_SEARCH_USER_PATHS = NO;
				CLANG_ANALYZER_NONNULL = YES;
				CLANG_ANALYZER_NUMBER_OBJECT_CONVERSION = YES_AGGRESSIVE;
				CLANG_CXX_LANGUAGE_STANDARD = "gnu++17";
				CLANG_ENABLE_MODULES = YES;
				CLANG_ENABLE_OBJC_ARC = YES;
				CLANG_ENABLE_OBJC_WEAK = YES;
				CLANG_WARN_BLOCK_CAPTURE_AUTORELEASING = YES;
				CLANG_WARN_BOOL_CONVERSION = YES;
				CLANG_WARN_COMMA = YES;
				CLANG_WARN_CONSTANT_CONVERSION = YES;
				CLANG_WARN_DEPRECATED_OBJC_IMPLEMENTATIONS = YES;
				CLANG_WARN_DIRECT_OBJC_ISA_USAGE = YES_ERROR;
				CLANG_WARN_DOCUMENTATION_COMMENTS = YES;
				CLANG_WARN_EMPTY_BODY = YES;
				CLANG_WARN_ENUM_CONVERSION = YES;
				CLANG_WARN_INFINITE_RECURSION = YES;
				CLANG_WARN_INT_CONVERSION = YES;
				CLANG_WARN_NON_LITERAL_NULL_CONVERSION = YES;
				CLANG_WARN_OBJC_IMPLICIT_RETAIN_SELF = YES;
				CLANG_WARN_OBJC_LITERAL_CONVERSION = YES;
				CLANG_WARN_OBJC_ROOT_CLASS = YES_ERROR;
				CLANG_WARN_QUOTED_INCLUDE_IN_FRAMEWORK_HEADER = YES;
				CLANG_WARN_RANGE_LOOP_ANALYSIS = YES;
				CLANG_WARN_STRICT_PROTOTYPES = YES;
				CLANG_WARN_SUSPICIOUS_MOVE = YES;
				CLANG_WARN_UNGUARDED_AVAILABILITY = YES_AGGRESSIVE;
				CLANG_WARN_UNREACHABLE_CODE = YES;
				CLANG_WARN__DUPLICATE_METHOD_MATCH = YES;
				COPY_PHASE_STRIP = NO;
				CURRENT_PROJECT_VERSION = 1;
				DEBUG_INFORMATION_FORMAT = "dwarf-with-dsym";
				ENABLE_NS_ASSERTIONS = NO;
				ENABLE_STRICT_OBJC_MSGSEND = YES;
				GCC_C_LANGUAGE_STANDARD = gnu11;
				GCC_NO_COMMON_BLOCKS = YES;
				GCC_WARN_64_TO_32_BIT_CONVERSION = YES;
				GCC_WARN_ABOUT_RETURN_TYPE = YES_ERROR;
				GCC_WARN_UNDECLARED_SELECTOR = YES;
				GCC_WARN_UNINITIALIZED_AUTOS = YES_AGGRESSIVE;
				GCC_WARN_UNUSED_FUNCTION = YES;
				GCC_WARN_UNUSED_VARIABLE = YES;
				IPHONEOS_DEPLOYMENT_TARGET = 15.4;
				MTL_ENABLE_DEBUG_INFO = NO;
				MTL_FAST_MATH = YES;
				SDKROOT = iphoneos;
				SWIFT_COMPILATION_MODE = wholemodule;
				SWIFT_OPTIMIZATION_LEVEL = "-O";
				VALIDATE_PRODUCT = YES;
				VERSIONING_SYSTEM = "apple-generic";
				VERSION_INFO_PREFIX = "";
			};
			name = Release;
		};
		4715355D2827FDFE00E94F16 /* Debug */ = {
			isa = XCBuildConfiguration;
			baseConfigurationReference = AB03B265F6F60F2AF5136BC3 /* Pods-SocialAlarmPod.debug.xcconfig */;
			buildSettings = {
				CODE_SIGN_STYLE = Automatic;
				CURRENT_PROJECT_VERSION = 1;
				DEFINES_MODULE = YES;
				DEVELOPMENT_TEAM = G49Z9VB8TL;
				DYLIB_COMPATIBILITY_VERSION = 1;
				DYLIB_CURRENT_VERSION = 1;
				DYLIB_INSTALL_NAME_BASE = "@rpath";
				GENERATE_INFOPLIST_FILE = YES;
				INFOPLIST_KEY_NSHumanReadableCopyright = "";
				INSTALL_PATH = "$(LOCAL_LIBRARY_DIR)/Frameworks";
				LD_RUNPATH_SEARCH_PATHS = (
					"$(inherited)",
					"@executable_path/Frameworks",
					"@loader_path/Frameworks",
				);
				MARKETING_VERSION = 1.0;
				PRODUCT_BUNDLE_IDENTIFIER = Siddhant.SocialAlarmPod;
				PRODUCT_NAME = "$(TARGET_NAME:c99extidentifier)";
				SKIP_INSTALL = YES;
				SWIFT_EMIT_LOC_STRINGS = YES;
				SWIFT_VERSION = 5.0;
				TARGETED_DEVICE_FAMILY = "1,2";
			};
			name = Debug;
		};
		4715355E2827FDFE00E94F16 /* Release */ = {
			isa = XCBuildConfiguration;
			baseConfigurationReference = 516B28894C29B1D3F82188EE /* Pods-SocialAlarmPod.release.xcconfig */;
			buildSettings = {
				CODE_SIGN_STYLE = Automatic;
				CURRENT_PROJECT_VERSION = 1;
				DEFINES_MODULE = YES;
				DEVELOPMENT_TEAM = G49Z9VB8TL;
				DYLIB_COMPATIBILITY_VERSION = 1;
				DYLIB_CURRENT_VERSION = 1;
				DYLIB_INSTALL_NAME_BASE = "@rpath";
				GENERATE_INFOPLIST_FILE = YES;
				INFOPLIST_KEY_NSHumanReadableCopyright = "";
				INSTALL_PATH = "$(LOCAL_LIBRARY_DIR)/Frameworks";
				LD_RUNPATH_SEARCH_PATHS = (
					"$(inherited)",
					"@executable_path/Frameworks",
					"@loader_path/Frameworks",
				);
				MARKETING_VERSION = 1.0;
				PRODUCT_BUNDLE_IDENTIFIER = Siddhant.SocialAlarmPod;
				PRODUCT_NAME = "$(TARGET_NAME:c99extidentifier)";
				SKIP_INSTALL = YES;
				SWIFT_EMIT_LOC_STRINGS = YES;
				SWIFT_VERSION = 5.0;
				TARGETED_DEVICE_FAMILY = "1,2";
			};
			name = Release;
		};
		471535602827FDFE00E94F16 /* Debug */ = {
			isa = XCBuildConfiguration;
			buildSettings = {
				ALWAYS_EMBED_SWIFT_STANDARD_LIBRARIES = YES;
				CODE_SIGN_STYLE = Automatic;
				CURRENT_PROJECT_VERSION = 1;
				DEVELOPMENT_TEAM = G49Z9VB8TL;
				GENERATE_INFOPLIST_FILE = YES;
				MARKETING_VERSION = 1.0;
				PRODUCT_BUNDLE_IDENTIFIER = Siddhant.SocialAlarmPodTests;
				PRODUCT_NAME = "$(TARGET_NAME)";
				SWIFT_EMIT_LOC_STRINGS = NO;
				SWIFT_VERSION = 5.0;
				TARGETED_DEVICE_FAMILY = "1,2";
			};
			name = Debug;
		};
		471535612827FDFE00E94F16 /* Release */ = {
			isa = XCBuildConfiguration;
			buildSettings = {
				ALWAYS_EMBED_SWIFT_STANDARD_LIBRARIES = YES;
				CODE_SIGN_STYLE = Automatic;
				CURRENT_PROJECT_VERSION = 1;
				DEVELOPMENT_TEAM = G49Z9VB8TL;
				GENERATE_INFOPLIST_FILE = YES;
				MARKETING_VERSION = 1.0;
				PRODUCT_BUNDLE_IDENTIFIER = Siddhant.SocialAlarmPodTests;
				PRODUCT_NAME = "$(TARGET_NAME)";
				SWIFT_EMIT_LOC_STRINGS = NO;
				SWIFT_VERSION = 5.0;
				TARGETED_DEVICE_FAMILY = "1,2";
			};
			name = Release;
		};
/* End XCBuildConfiguration section */

/* Begin XCConfigurationList section */
		471535422827FDFE00E94F16 /* Build configuration list for PBXProject "SocialAlarmPod" */ = {
			isa = XCConfigurationList;
			buildConfigurations = (
				4715355A2827FDFE00E94F16 /* Debug */,
				4715355B2827FDFE00E94F16 /* Release */,
			);
			defaultConfigurationIsVisible = 0;
			defaultConfigurationName = Release;
		};
		4715355C2827FDFE00E94F16 /* Build configuration list for PBXNativeTarget "SocialAlarmPod" */ = {
			isa = XCConfigurationList;
			buildConfigurations = (
				4715355D2827FDFE00E94F16 /* Debug */,
				4715355E2827FDFE00E94F16 /* Release */,
			);
			defaultConfigurationIsVisible = 0;
			defaultConfigurationName = Release;
		};
		4715355F2827FDFE00E94F16 /* Build configuration list for PBXNativeTarget "SocialAlarmPodTests" */ = {
			isa = XCConfigurationList;
			buildConfigurations = (
				471535602827FDFE00E94F16 /* Debug */,
				471535612827FDFE00E94F16 /* Release */,
			);
			defaultConfigurationIsVisible = 0;
			defaultConfigurationName = Release;
		};
/* End XCConfigurationList section */
	};
	rootObject = 4715353F2827FDFD00E94F16 /* Project object */;
}
